
Microsoft Visual Studio Solution File, Format Version 12.00
# Visual Studio 15
VisualStudioVersion = 15.0.26430.16
MinimumVisualStudioVersion = 10.0.40219.1
Project("{9A19103F-16F7-4668-BE54-9A1E7A4F7556}") = "AntiCSRF", "AntiCSRF\AntiCSRF.csproj", "{AD5F77B7-FF77-4ECE-A88A-CD36CD93358C}"
EndProject
Project("{9A19103F-16F7-4668-BE54-9A1E7A4F7556}") = "AntiCSRF.Tests", "AntiCSRF.Tests\AntiCSRF.Tests.csproj", "{3B22DC9C-0222-45C8-8CBF-4200BA8C002A}"
EndProject
Global
	GlobalSection(SolutionConfigurationPlatforms) = preSolution
		Debug|Any CPU = Debug|Any CPU
		Release|Any CPU = Release|Any CPU
	EndGlobalSection
	GlobalSection(ProjectConfigurationPlatforms) = postSolution
		{AD5F77B7-FF77-4ECE-A88A-CD36CD93358C}.Debug|Any CPU.ActiveCfg = Debug|Any CPU
		{AD5F77B7-FF77-4ECE-A88A-CD36CD93358C}.Debug|Any CPU.Build.0 = Debug|Any CPU
		{AD5F77B7-FF77-4ECE-A88A-CD36CD93358C}.Release|Any CPU.ActiveCfg = Release|Any CPU
		{AD5F77B7-FF77-4ECE-A88A-CD36CD93358C}.Release|Any CPU.Build.0 = Release|Any CPU
		{3B22DC9C-0222-45C8-8CBF-4200BA8C002A}.Debug|Any CPU.ActiveCfg = Debug|Any CPU
		{3B22DC9C-0222-45C8-8CBF-4200BA8C002A}.Debug|Any CPU.Build.0 = Debug|Any CPU
		{3B22DC9C-0222-45C8-8CBF-4200BA8C002A}.Release|Any CPU.ActiveCfg = Release|Any CPU
		{3B22DC9C-0222-45C8-8CBF-4200BA8C002A}.Release|Any CPU.Build.0 = Release|Any CPU
	EndGlobalSection
	GlobalSection(SolutionProperties) = preSolution
		HideSolutionNode = FALSE
	EndGlobalSection
EndGlobal
