
Microsoft Visual Studio Solution File, Format Version 12.00
# Visual Studio 15
VisualStudioVersion = 15.0.26430.16
MinimumVisualStudioVersion = 10.0.40219.1
Project("{FAE04EC0-301F-11D3-BF4B-00C04F79EFBC}") = "AntiCSRF", "AntiCSRF\AntiCSRF.csproj", "{3B1CA1F4-84BE-4E79-851C-778029E6EA9B}"
EndProject
Project("{FAE04EC0-301F-11D3-BF4B-00C04F79EFBC}") = "AntiCSRF.Tests", "AntiCSRF.Tests\AntiCSRF.Tests.csproj", "{1EB81C9C-1EC8-469F-B2CC-5A0A64C1A27D}"
EndProject
Global
	GlobalSection(SolutionConfigurationPlatforms) = preSolution
		Debug|Any CPU = Debug|Any CPU
		Release|Any CPU = Release|Any CPU
	EndGlobalSection
	GlobalSection(ProjectConfigurationPlatforms) = postSolution
		{3B1CA1F4-84BE-4E79-851C-778029E6EA9B}.Debug|Any CPU.ActiveCfg = Debug|Any CPU
		{3B1CA1F4-84BE-4E79-851C-778029E6EA9B}.Debug|Any CPU.Build.0 = Debug|Any CPU
		{3B1CA1F4-84BE-4E79-851C-778029E6EA9B}.Release|Any CPU.ActiveCfg = Release|Any CPU
		{3B1CA1F4-84BE-4E79-851C-778029E6EA9B}.Release|Any CPU.Build.0 = Release|Any CPU
		{1EB81C9C-1EC8-469F-B2CC-5A0A64C1A27D}.Debug|Any CPU.ActiveCfg = Debug|Any CPU
		{1EB81C9C-1EC8-469F-B2CC-5A0A64C1A27D}.Debug|Any CPU.Build.0 = Debug|Any CPU
		{1EB81C9C-1EC8-469F-B2CC-5A0A64C1A27D}.Release|Any CPU.ActiveCfg = Release|Any CPU
		{1EB81C9C-1EC8-469F-B2CC-5A0A64C1A27D}.Release|Any CPU.Build.0 = Release|Any CPU
	EndGlobalSection
	GlobalSection(SolutionProperties) = preSolution
		HideSolutionNode = FALSE
	EndGlobalSection
EndGlobal
